
Microsoft Visual Studio Solution File, Format Version 12.00
# Visual Studio Version 16
VisualStudioVersion = 16.0.30907.101
MinimumVisualStudioVersion = 10.0.40219.1
Project("{9A19103F-16F7-4668-BE54-9A1E7A4F7556}") = "2C2P.DEMO.Infrastructure", "2C2P.DEMO.Infrastructure\2C2P.DEMO.Infrastructure.csproj", "{9A20775C-CC6F-4070-BBC9-CC4BABD9A63F}"
EndProject
Project("{9A19103F-16F7-4668-BE54-9A1E7A4F7556}") = "2C2P.DEMO.Domain", "2C2P.DEMO.Domain\2C2P.DEMO.Domain.csproj", "{096837A7-5A2C-44DC-A763-CD14ACAC6A89}"
EndProject
Project("{9A19103F-16F7-4668-BE54-9A1E7A4F7556}") = "2C2P.DEMO.Api", "2C2P.DEMO.Api\2C2P.DEMO.Api.csproj", "{976EDEA6-E085-46AE-818F-A60F2DEADA44}"
EndProject
Project("{2150E333-8FDC-42A3-9474-1A3956D46DE8}") = "Solution Items", "Solution Items", "{DAED2FE8-97CF-4A9F-BBA5-A296B436BEF5}"
	ProjectSection(SolutionItems) = preProject
		.gitignore = .gitignore
	EndProjectSection
EndProject
Project("{2150E333-8FDC-42A3-9474-1A3956D46DE8}") = "src", "src", "{5D13BDFF-A105-4789-A1D4-4F94C0B6AE63}"
EndProject
Global
	GlobalSection(SolutionConfigurationPlatforms) = preSolution
		Debug|Any CPU = Debug|Any CPU
		Release|Any CPU = Release|Any CPU
	EndGlobalSection
	GlobalSection(ProjectConfigurationPlatforms) = postSolution
		{9A20775C-CC6F-4070-BBC9-CC4BABD9A63F}.Debug|Any CPU.ActiveCfg = Debug|Any CPU
		{9A20775C-CC6F-4070-BBC9-CC4BABD9A63F}.Debug|Any CPU.Build.0 = Debug|Any CPU
		{9A20775C-CC6F-4070-BBC9-CC4BABD9A63F}.Release|Any CPU.ActiveCfg = Release|Any CPU
		{9A20775C-CC6F-4070-BBC9-CC4BABD9A63F}.Release|Any CPU.Build.0 = Release|Any CPU
		{096837A7-5A2C-44DC-A763-CD14ACAC6A89}.Debug|Any CPU.ActiveCfg = Debug|Any CPU
		{096837A7-5A2C-44DC-A763-CD14ACAC6A89}.Debug|Any CPU.Build.0 = Debug|Any CPU
		{096837A7-5A2C-44DC-A763-CD14ACAC6A89}.Release|Any CPU.ActiveCfg = Release|Any CPU
		{096837A7-5A2C-44DC-A763-CD14ACAC6A89}.Release|Any CPU.Build.0 = Release|Any CPU
		{976EDEA6-E085-46AE-818F-A60F2DEADA44}.Debug|Any CPU.ActiveCfg = Debug|Any CPU
		{976EDEA6-E085-46AE-818F-A60F2DEADA44}.Debug|Any CPU.Build.0 = Debug|Any CPU
		{976EDEA6-E085-46AE-818F-A60F2DEADA44}.Release|Any CPU.ActiveCfg = Release|Any CPU
		{976EDEA6-E085-46AE-818F-A60F2DEADA44}.Release|Any CPU.Build.0 = Release|Any CPU
	EndGlobalSection
	GlobalSection(SolutionProperties) = preSolution
		HideSolutionNode = FALSE
	EndGlobalSection
	GlobalSection(NestedProjects) = preSolution
		{9A20775C-CC6F-4070-BBC9-CC4BABD9A63F} = {5D13BDFF-A105-4789-A1D4-4F94C0B6AE63}
		{096837A7-5A2C-44DC-A763-CD14ACAC6A89} = {5D13BDFF-A105-4789-A1D4-4F94C0B6AE63}
		{976EDEA6-E085-46AE-818F-A60F2DEADA44} = {5D13BDFF-A105-4789-A1D4-4F94C0B6AE63}
	EndGlobalSection
	GlobalSection(ExtensibilityGlobals) = postSolution
		SolutionGuid = {C0BC7DED-7D95-4516-9644-17F35564A0CA}
	EndGlobalSection
EndGlobal
